# This file is automatically @generated by Poetry 1.8.2 and should not be changed by hand.

[[package]]
name = "annotated-types"
version = "0.6.0"
description = "Reusable constraint types to use with typing.Annotated"
optional = false
python-versions = ">=3.8"
files = [
    {file = "annotated_types-0.6.0-py3-none-any.whl", hash = "sha256:0641064de18ba7a25dee8f96403ebc39113d0cb953a01429249d5c7564666a43"},
    {file = "annotated_types-0.6.0.tar.gz", hash = "sha256:563339e807e53ffd9c267e99fc6d9ea23eb8443c08f112651963e24e22f84a5d"},
]

[package.source]
type = "legacy"
url = "https://pypi.tuna.tsinghua.edu.cn/simple"
reference = "tuna"

[[package]]
name = "pydantic"
version = "2.7.1"
description = "Data validation using Python type hints"
optional = false
python-versions = ">=3.8"
files = [
    {file = "pydantic-2.7.1-py3-none-any.whl", hash = "sha256:e029badca45266732a9a79898a15ae2e8b14840b1eabbb25844be28f0b33f3d5"},
    {file = "pydantic-2.7.1.tar.gz", hash = "sha256:e9dbb5eada8abe4d9ae5f46b9939aead650cd2b68f249bb3a8139dbe125803cc"},
]

[package.dependencies]
annotated-types = ">=0.4.0"
pydantic-core = "2.18.2"
typing-extensions = ">=4.6.1"

[package.extras]
email = ["email-validator (>=2.0.0)"]

[package.source]
type = "legacy"
url = "https://pypi.tuna.tsinghua.edu.cn/simple"
reference = "tuna"

[[package]]
name = "pydantic-core"
version = "2.18.2"
description = "Core functionality for Pydantic validation and serialization"
optional = false
python-versions = ">=3.8"
files = [
    {file = "pydantic_core-2.18.2-cp310-cp310-macosx_10_12_x86_64.whl", hash = "sha256:9e08e867b306f525802df7cd16c44ff5ebbe747ff0ca6cf3fde7f36c05a59a81"},
    {file = "pydantic_core-2.18.2-cp310-cp310-macosx_11_0_arm64.whl", hash = "sha256:f0a21cbaa69900cbe1a2e7cad2aa74ac3cf21b10c3efb0fa0b80305274c0e8a2"},
    {file = "pydantic_core-2.18.2-cp310-cp310-manylinux_2_17_aarch64.manylinux2014_aarch64.whl", hash = "sha256:0680b1f1f11fda801397de52c36ce38ef1c1dc841a0927a94f226dea29c3ae3d"},
    {file = "pydantic_core-2.18.2-cp310-cp310-manylinux_2_17_armv7l.manylinux2014_armv7l.whl", hash = "sha256:95b9d5e72481d3780ba3442eac863eae92ae43a5f3adb5b4d0a1de89d42bb250"},
    {file = "pydantic_core-2.18.2-cp310-cp310-manylinux_2_17_ppc64le.manylinux2014_ppc64le.whl", hash = "sha256:c4fcf5cd9c4b655ad666ca332b9a081112cd7a58a8b5a6ca7a3104bc950f2038"},
    {file = "pydantic_core-2.18.2-cp310-cp310-manylinux_2_17_s390x.manylinux2014_s390x.whl", hash = "sha256:9b5155ff768083cb1d62f3e143b49a8a3432e6789a3abee8acd005c3c7af1c74"},
    {file = "pydantic_core-2.18.2-cp310-cp310-manylinux_2_17_x86_64.manylinux2014_x86_64.whl", hash = "sha256:553ef617b6836fc7e4df130bb851e32fe357ce36336d897fd6646d6058d980af"},
    {file = "pydantic_core-2.18.2-cp310-cp310-manylinux_2_5_i686.manylinux1_i686.whl", hash = "sha256:b89ed9eb7d616ef5714e5590e6cf7f23b02d0d539767d33561e3675d6f9e3857"},
    {file = "pydantic_core-2.18.2-cp310-cp310-musllinux_1_1_aarch64.whl", hash = "sha256:75f7e9488238e920ab6204399ded280dc4c307d034f3924cd7f90a38b1829563"},
    {file = "pydantic_core-2.18.2-cp310-cp310-musllinux_1_1_x86_64.whl", hash = "sha256:ef26c9e94a8c04a1b2924149a9cb081836913818e55681722d7f29af88fe7b38"},
    {file = "pydantic_core-2.18.2-cp310-none-win32.whl", hash = "sha256:182245ff6b0039e82b6bb585ed55a64d7c81c560715d1bad0cbad6dfa07b4027"},
    {file = "pydantic_core-2.18.2-cp310-none-win_amd64.whl", hash = "sha256:e23ec367a948b6d812301afc1b13f8094ab7b2c280af66ef450efc357d2ae543"},
    {file = "pydantic_core-2.18.2-cp311-cp311-macosx_10_12_x86_64.whl", hash = "sha256:219da3f096d50a157f33645a1cf31c0ad1fe829a92181dd1311022f986e5fbe3"},
    {file = "pydantic_core-2.18.2-cp311-cp311-macosx_11_0_arm64.whl", hash = "sha256:cc1cfd88a64e012b74e94cd00bbe0f9c6df57049c97f02bb07d39e9c852e19a4"},
    {file = "pydantic_core-2.18.2-cp311-cp311-manylinux_2_17_aarch64.manylinux2014_aarch64.whl", hash = "sha256:05b7133a6e6aeb8df37d6f413f7705a37ab4031597f64ab56384c94d98fa0e90"},
    {file = "pydantic_core-2.18.2-cp311-cp311-manylinux_2_17_armv7l.manylinux2014_armv7l.whl", hash = "sha256:224c421235f6102e8737032483f43c1a8cfb1d2f45740c44166219599358c2cd"},
    {file = "pydantic_core-2.18.2-cp311-cp311-manylinux_2_17_ppc64le.manylinux2014_ppc64le.whl", hash = "sha256:b14d82cdb934e99dda6d9d60dc84a24379820176cc4a0d123f88df319ae9c150"},
    {file = "pydantic_core-2.18.2-cp311-cp311-manylinux_2_17_s390x.manylinux2014_s390x.whl", hash = "sha256:2728b01246a3bba6de144f9e3115b532ee44bd6cf39795194fb75491824a1413"},
    {file = "pydantic_core-2.18.2-cp311-cp311-manylinux_2_17_x86_64.manylinux2014_x86_64.whl", hash = "sha256:470b94480bb5ee929f5acba6995251ada5e059a5ef3e0dfc63cca287283ebfa6"},
    {file = "pydantic_core-2.18.2-cp311-cp311-manylinux_2_5_i686.manylinux1_i686.whl", hash = "sha256:997abc4df705d1295a42f95b4eec4950a37ad8ae46d913caeee117b6b198811c"},
    {file = "pydantic_core-2.18.2-cp311-cp311-musllinux_1_1_aarch64.whl", hash = "sha256:75250dbc5290e3f1a0f4618db35e51a165186f9034eff158f3d490b3fed9f8a0"},
    {file = "pydantic_core-2.18.2-cp311-cp311-musllinux_1_1_x86_64.whl", hash = "sha256:4456f2dca97c425231d7315737d45239b2b51a50dc2b6f0c2bb181fce6207664"},
    {file = "pydantic_core-2.18.2-cp311-none-win32.whl", hash = "sha256:269322dcc3d8bdb69f054681edff86276b2ff972447863cf34c8b860f5188e2e"},
    {file = "pydantic_core-2.18.2-cp311-none-win_amd64.whl", hash = "sha256:800d60565aec896f25bc3cfa56d2277d52d5182af08162f7954f938c06dc4ee3"},
    {file = "pydantic_core-2.18.2-cp311-none-win_arm64.whl", hash = "sha256:1404c69d6a676245199767ba4f633cce5f4ad4181f9d0ccb0577e1f66cf4c46d"},
    {file = "pydantic_core-2.18.2-cp312-cp312-macosx_10_12_x86_64.whl", hash = "sha256:fb2bd7be70c0fe4dfd32c951bc813d9fe6ebcbfdd15a07527796c8204bd36242"},
    {file = "pydantic_core-2.18.2-cp312-cp312-macosx_11_0_arm64.whl", hash = "sha256:6132dd3bd52838acddca05a72aafb6eab6536aa145e923bb50f45e78b7251043"},
    {file = "pydantic_core-2.18.2-cp312-cp312-manylinux_2_17_aarch64.manylinux2014_aarch64.whl", hash = "sha256:d7d904828195733c183d20a54230c0df0eb46ec746ea1a666730787353e87182"},
    {file = "pydantic_core-2.18.2-cp312-cp312-manylinux_2_17_armv7l.manylinux2014_armv7l.whl", hash = "sha256:c9bd70772c720142be1020eac55f8143a34ec9f82d75a8e7a07852023e46617f"},
    {file = "pydantic_core-2.18.2-cp312-cp312-manylinux_2_17_ppc64le.manylinux2014_ppc64le.whl", hash = "sha256:2b8ed04b3582771764538f7ee7001b02e1170223cf9b75dff0bc698fadb00cf3"},
    {file = "pydantic_core-2.18.2-cp312-cp312-manylinux_2_17_s390x.manylinux2014_s390x.whl", hash = "sha256:e6dac87ddb34aaec85f873d737e9d06a3555a1cc1a8e0c44b7f8d5daeb89d86f"},
    {file = "pydantic_core-2.18.2-cp312-cp312-manylinux_2_17_x86_64.manylinux2014_x86_64.whl", hash = "sha256:7ca4ae5a27ad7a4ee5170aebce1574b375de390bc01284f87b18d43a3984df72"},
    {file = "pydantic_core-2.18.2-cp312-cp312-manylinux_2_5_i686.manylinux1_i686.whl", hash = "sha256:886eec03591b7cf058467a70a87733b35f44707bd86cf64a615584fd72488b7c"},
    {file = "pydantic_core-2.18.2-cp312-cp312-musllinux_1_1_aarch64.whl", hash = "sha256:ca7b0c1f1c983e064caa85f3792dd2fe3526b3505378874afa84baf662e12241"},
    {file = "pydantic_core-2.18.2-cp312-cp312-musllinux_1_1_x86_64.whl", hash = "sha256:4b4356d3538c3649337df4074e81b85f0616b79731fe22dd11b99499b2ebbdf3"},
    {file = "pydantic_core-2.18.2-cp312-none-win32.whl", hash = "sha256:8b172601454f2d7701121bbec3425dd71efcb787a027edf49724c9cefc14c038"},
    {file = "pydantic_core-2.18.2-cp312-none-win_amd64.whl", hash = "sha256:b1bd7e47b1558ea872bd16c8502c414f9e90dcf12f1395129d7bb42a09a95438"},
    {file = "pydantic_core-2.18.2-cp312-none-win_arm64.whl", hash = "sha256:98758d627ff397e752bc339272c14c98199c613f922d4a384ddc07526c86a2ec"},
    {file = "pydantic_core-2.18.2-cp38-cp38-macosx_10_12_x86_64.whl", hash = "sha256:9fdad8e35f278b2c3eb77cbdc5c0a49dada440657bf738d6905ce106dc1de439"},
    {file = "pydantic_core-2.18.2-cp38-cp38-macosx_11_0_arm64.whl", hash = "sha256:1d90c3265ae107f91a4f279f4d6f6f1d4907ac76c6868b27dc7fb33688cfb347"},
    {file = "pydantic_core-2.18.2-cp38-cp38-manylinux_2_17_aarch64.manylinux2014_aarch64.whl", hash = "sha256:390193c770399861d8df9670fb0d1874f330c79caaca4642332df7c682bf6b91"},
    {file = "pydantic_core-2.18.2-cp38-cp38-manylinux_2_17_armv7l.manylinux2014_armv7l.whl", hash = "sha256:82d5d4d78e4448683cb467897fe24e2b74bb7b973a541ea1dcfec1d3cbce39fb"},
    {file = "pydantic_core-2.18.2-cp38-cp38-manylinux_2_17_ppc64le.manylinux2014_ppc64le.whl", hash = "sha256:4774f3184d2ef3e14e8693194f661dea5a4d6ca4e3dc8e39786d33a94865cefd"},
    {file = "pydantic_core-2.18.2-cp38-cp38-manylinux_2_17_s390x.manylinux2014_s390x.whl", hash = "sha256:d4d938ec0adf5167cb335acb25a4ee69a8107e4984f8fbd2e897021d9e4ca21b"},
    {file = "pydantic_core-2.18.2-cp38-cp38-manylinux_2_17_x86_64.manylinux2014_x86_64.whl", hash = "sha256:e0e8b1be28239fc64a88a8189d1df7fad8be8c1ae47fcc33e43d4be15f99cc70"},
    {file = "pydantic_core-2.18.2-cp38-cp38-manylinux_2_5_i686.manylinux1_i686.whl", hash = "sha256:868649da93e5a3d5eacc2b5b3b9235c98ccdbfd443832f31e075f54419e1b96b"},
    {file = "pydantic_core-2.18.2-cp38-cp38-musllinux_1_1_aarch64.whl", hash = "sha256:78363590ef93d5d226ba21a90a03ea89a20738ee5b7da83d771d283fd8a56761"},
    {file = "pydantic_core-2.18.2-cp38-cp38-musllinux_1_1_x86_64.whl", hash = "sha256:852e966fbd035a6468fc0a3496589b45e2208ec7ca95c26470a54daed82a0788"},
    {file = "pydantic_core-2.18.2-cp38-none-win32.whl", hash = "sha256:6a46e22a707e7ad4484ac9ee9f290f9d501df45954184e23fc29408dfad61350"},
    {file = "pydantic_core-2.18.2-cp38-none-win_amd64.whl", hash = "sha256:d91cb5ea8b11607cc757675051f61b3d93f15eca3cefb3e6c704a5d6e8440f4e"},
    {file = "pydantic_core-2.18.2-cp39-cp39-macosx_10_12_x86_64.whl", hash = "sha256:ae0a8a797a5e56c053610fa7be147993fe50960fa43609ff2a9552b0e07013e8"},
    {file = "pydantic_core-2.18.2-cp39-cp39-macosx_11_0_arm64.whl", hash = "sha256:042473b6280246b1dbf530559246f6842b56119c2926d1e52b631bdc46075f2a"},
    {file = "pydantic_core-2.18.2-cp39-cp39-manylinux_2_17_aarch64.manylinux2014_aarch64.whl", hash = "sha256:1a388a77e629b9ec814c1b1e6b3b595fe521d2cdc625fcca26fbc2d44c816804"},
    {file = "pydantic_core-2.18.2-cp39-cp39-manylinux_2_17_armv7l.manylinux2014_armv7l.whl", hash = "sha256:e25add29b8f3b233ae90ccef2d902d0ae0432eb0d45370fe315d1a5cf231004b"},
    {file = "pydantic_core-2.18.2-cp39-cp39-manylinux_2_17_ppc64le.manylinux2014_ppc64le.whl", hash = "sha256:f459a5ce8434614dfd39bbebf1041952ae01da6bed9855008cb33b875cb024c0"},
    {file = "pydantic_core-2.18.2-cp39-cp39-manylinux_2_17_s390x.manylinux2014_s390x.whl", hash = "sha256:eff2de745698eb46eeb51193a9f41d67d834d50e424aef27df2fcdee1b153845"},
    {file = "pydantic_core-2.18.2-cp39-cp39-manylinux_2_17_x86_64.manylinux2014_x86_64.whl", hash = "sha256:a8309f67285bdfe65c372ea3722b7a5642680f3dba538566340a9d36e920b5f0"},
    {file = "pydantic_core-2.18.2-cp39-cp39-manylinux_2_5_i686.manylinux1_i686.whl", hash = "sha256:f93a8a2e3938ff656a7c1bc57193b1319960ac015b6e87d76c76bf14fe0244b4"},
    {file = "pydantic_core-2.18.2-cp39-cp39-musllinux_1_1_aarch64.whl", hash = "sha256:22057013c8c1e272eb8d0eebc796701167d8377441ec894a8fed1af64a0bf399"},
    {file = "pydantic_core-2.18.2-cp39-cp39-musllinux_1_1_x86_64.whl", hash = "sha256:cfeecd1ac6cc1fb2692c3d5110781c965aabd4ec5d32799773ca7b1456ac636b"},
    {file = "pydantic_core-2.18.2-cp39-none-win32.whl", hash = "sha256:0d69b4c2f6bb3e130dba60d34c0845ba31b69babdd3f78f7c0c8fae5021a253e"},
    {file = "pydantic_core-2.18.2-cp39-none-win_amd64.whl", hash = "sha256:d9319e499827271b09b4e411905b24a426b8fb69464dfa1696258f53a3334641"},
    {file = "pydantic_core-2.18.2-pp310-pypy310_pp73-macosx_10_12_x86_64.whl", hash = "sha256:a1874c6dd4113308bd0eb568418e6114b252afe44319ead2b4081e9b9521fe75"},
    {file = "pydantic_core-2.18.2-pp310-pypy310_pp73-macosx_11_0_arm64.whl", hash = "sha256:ccdd111c03bfd3666bd2472b674c6899550e09e9f298954cfc896ab92b5b0e6d"},
    {file = "pydantic_core-2.18.2-pp310-pypy310_pp73-manylinux_2_17_aarch64.manylinux2014_aarch64.whl", hash = "sha256:e18609ceaa6eed63753037fc06ebb16041d17d28199ae5aba0052c51449650a9"},
    {file = "pydantic_core-2.18.2-pp310-pypy310_pp73-manylinux_2_17_x86_64.manylinux2014_x86_64.whl", hash = "sha256:6e5c584d357c4e2baf0ff7baf44f4994be121e16a2c88918a5817331fc7599d7"},
    {file = "pydantic_core-2.18.2-pp310-pypy310_pp73-manylinux_2_5_i686.manylinux1_i686.whl", hash = "sha256:43f0f463cf89ace478de71a318b1b4f05ebc456a9b9300d027b4b57c1a2064fb"},
    {file = "pydantic_core-2.18.2-pp310-pypy310_pp73-musllinux_1_1_aarch64.whl", hash = "sha256:e1b395e58b10b73b07b7cf740d728dd4ff9365ac46c18751bf8b3d8cca8f625a"},
    {file = "pydantic_core-2.18.2-pp310-pypy310_pp73-musllinux_1_1_x86_64.whl", hash = "sha256:0098300eebb1c837271d3d1a2cd2911e7c11b396eac9661655ee524a7f10587b"},
    {file = "pydantic_core-2.18.2-pp310-pypy310_pp73-win_amd64.whl", hash = "sha256:36789b70d613fbac0a25bb07ab3d9dba4d2e38af609c020cf4d888d165ee0bf3"},
    {file = "pydantic_core-2.18.2-pp39-pypy39_pp73-macosx_10_12_x86_64.whl", hash = "sha256:3f9a801e7c8f1ef8718da265bba008fa121243dfe37c1cea17840b0944dfd72c"},
    {file = "pydantic_core-2.18.2-pp39-pypy39_pp73-macosx_11_0_arm64.whl", hash = "sha256:3a6515ebc6e69d85502b4951d89131ca4e036078ea35533bb76327f8424531ce"},
    {file = "pydantic_core-2.18.2-pp39-pypy39_pp73-manylinux_2_17_aarch64.manylinux2014_aarch64.whl", hash = "sha256:20aca1e2298c56ececfd8ed159ae4dde2df0781988c97ef77d5c16ff4bd5b400"},
    {file = "pydantic_core-2.18.2-pp39-pypy39_pp73-manylinux_2_17_x86_64.manylinux2014_x86_64.whl", hash = "sha256:223ee893d77a310a0391dca6df00f70bbc2f36a71a895cecd9a0e762dc37b349"},
    {file = "pydantic_core-2.18.2-pp39-pypy39_pp73-manylinux_2_5_i686.manylinux1_i686.whl", hash = "sha256:2334ce8c673ee93a1d6a65bd90327588387ba073c17e61bf19b4fd97d688d63c"},
    {file = "pydantic_core-2.18.2-pp39-pypy39_pp73-musllinux_1_1_aarch64.whl", hash = "sha256:cbca948f2d14b09d20268cda7b0367723d79063f26c4ffc523af9042cad95592"},
    {file = "pydantic_core-2.18.2-pp39-pypy39_pp73-musllinux_1_1_x86_64.whl", hash = "sha256:b3ef08e20ec49e02d5c6717a91bb5af9b20f1805583cb0adfe9ba2c6b505b5ae"},
    {file = "pydantic_core-2.18.2-pp39-pypy39_pp73-win_amd64.whl", hash = "sha256:c6fdc8627910eed0c01aed6a390a252fe3ea6d472ee70fdde56273f198938374"},
    {file = "pydantic_core-2.18.2.tar.gz", hash = "sha256:2e29d20810dfc3043ee13ac7d9e25105799817683348823f305ab3f349b9386e"},
]

[package.dependencies]
typing-extensions = ">=4.6.0,<4.7.0 || >4.7.0"

[package.source]
type = "legacy"
url = "https://pypi.tuna.tsinghua.edu.cn/simple"
reference = "tuna"

[[package]]
name = "pygame"
version = "2.5.2"
description = "Python Game Development"
optional = false
python-versions = ">=3.6"
files = [
    {file = "pygame-2.5.2-cp310-cp310-macosx_10_9_x86_64.whl", hash = "sha256:a0769eb628c818761755eb0a0ca8216b95270ea8cbcbc82227e39ac9644643da"},
    {file = "pygame-2.5.2-cp310-cp310-macosx_11_0_arm64.whl", hash = "sha256:ed9a3d98adafa0805ccbaaff5d2996a2b5795381285d8437a4a5d248dbd12b4a"},
    {file = "pygame-2.5.2-cp310-cp310-manylinux_2_17_aarch64.manylinux2014_aarch64.whl", hash = "sha256:f30d1618672a55e8c6669281ba264464b3ab563158e40d89e8c8b3faa0febebd"},
    {file = "pygame-2.5.2-cp310-cp310-manylinux_2_17_i686.manylinux2014_i686.whl", hash = "sha256:39690e9be9baf58b7359d1f3b2336e1fd6f92fedbbce42987be5df27f8d30718"},
    {file = "pygame-2.5.2-cp310-cp310-manylinux_2_17_x86_64.manylinux2014_x86_64.whl", hash = "sha256:03879ec299c9f4ba23901b2649a96b2143f0a5d787f0b6c39469989e2320caf1"},
    {file = "pygame-2.5.2-cp310-cp310-win32.whl", hash = "sha256:74e1d6284100e294f445832e6f6343be4fe4748decc4f8a51131ae197dae8584"},
    {file = "pygame-2.5.2-cp310-cp310-win_amd64.whl", hash = "sha256:485239c7d32265fd35b76ae8f64f34b0637ae11e69d76de15710c4b9edcc7c8d"},
    {file = "pygame-2.5.2-cp311-cp311-macosx_10_9_x86_64.whl", hash = "sha256:34646ca20e163dc6f6cf8170f1e12a2e41726780112594ac061fa448cf7ccd75"},
    {file = "pygame-2.5.2-cp311-cp311-macosx_11_0_arm64.whl", hash = "sha256:3b8a6e351665ed26ea791f0e1fd649d3f483e8681892caef9d471f488f9ea5ee"},
    {file = "pygame-2.5.2-cp311-cp311-manylinux_2_17_aarch64.manylinux2014_aarch64.whl", hash = "sha256:dc346965847aef00013fa2364f41a64f068cd096dcc7778fc306ca3735f0eedf"},
    {file = "pygame-2.5.2-cp311-cp311-manylinux_2_17_i686.manylinux2014_i686.whl", hash = "sha256:35632035fd81261f2d797fa810ea8c46111bd78ceb6089d52b61ed7dc3c5d05f"},
    {file = "pygame-2.5.2-cp311-cp311-manylinux_2_17_x86_64.manylinux2014_x86_64.whl", hash = "sha256:0e24d05184e4195fe5ebcdce8b18ecb086f00182b9ae460a86682d312ce8d31f"},
    {file = "pygame-2.5.2-cp311-cp311-win32.whl", hash = "sha256:f02c1c7505af18d426d355ac9872bd5c916b27f7b0fe224749930662bea47a50"},
    {file = "pygame-2.5.2-cp311-cp311-win_amd64.whl", hash = "sha256:6d58c8cf937815d3b7cdc0fa9590c5129cb2c9658b72d00e8a4568dea2ff1d42"},
    {file = "pygame-2.5.2-cp312-cp312-macosx_10_9_x86_64.whl", hash = "sha256:1a2a43802bb5e89ce2b3b775744e78db4f9a201bf8d059b946c61722840ceea8"},
    {file = "pygame-2.5.2-cp312-cp312-macosx_11_0_arm64.whl", hash = "sha256:1c289f2613c44fe70a1e40769de4a49c5ab5a29b9376f1692bb1a15c9c1c9bfa"},
    {file = "pygame-2.5.2-cp312-cp312-manylinux_2_17_aarch64.manylinux2014_aarch64.whl", hash = "sha256:074aa6c6e110c925f7f27f00c7733c6303407edc61d738882985091d1eb2ef17"},
    {file = "pygame-2.5.2-cp312-cp312-manylinux_2_17_i686.manylinux2014_i686.whl", hash = "sha256:fe0228501ec616779a0b9c4299e837877783e18df294dd690b9ab0eed3d8aaab"},
    {file = "pygame-2.5.2-cp312-cp312-manylinux_2_17_x86_64.manylinux2014_x86_64.whl", hash = "sha256:31648d38ecdc2335ffc0e38fb18a84b3339730521505dac68514f83a1092e3f4"},
    {file = "pygame-2.5.2-cp312-cp312-win32.whl", hash = "sha256:224c308856334bc792f696e9278e50d099a87c116f7fc314cd6aa3ff99d21592"},
    {file = "pygame-2.5.2-cp312-cp312-win_amd64.whl", hash = "sha256:dd2d2650faf54f9a0f5bd0db8409f79609319725f8f08af6507a0609deadcad4"},
    {file = "pygame-2.5.2-cp36-cp36m-macosx_10_9_x86_64.whl", hash = "sha256:9b30bc1220c457169571aac998e54b013aaeb732d2fd8744966cb1cfab1f61d1"},
    {file = "pygame-2.5.2-cp36-cp36m-manylinux_2_17_aarch64.manylinux2014_aarch64.whl", hash = "sha256:78fcd7643358b886a44127ff7dec9041c056c212b3a98977674f83f99e9b12d3"},
    {file = "pygame-2.5.2-cp36-cp36m-manylinux_2_17_i686.manylinux2014_i686.whl", hash = "sha256:35cf093a51cb294ede56c29d4acf41538c00f297fcf78a9b186fb7d23c0577b6"},
    {file = "pygame-2.5.2-cp36-cp36m-manylinux_2_17_x86_64.manylinux2014_x86_64.whl", hash = "sha256:6fe323acbf53a0195c8c98b1b941eba7ac24e3e2b28ae48e8cda566f15fc4945"},
    {file = "pygame-2.5.2-cp36-cp36m-win32.whl", hash = "sha256:5697528266b4716d9cdd44a5a1d210f4d86ef801d0f64ca5da5d0816704009d9"},
    {file = "pygame-2.5.2-cp36-cp36m-win_amd64.whl", hash = "sha256:edda1f7cff4806a4fa39e0e8ccd75f38d1d340fa5fc52d8582ade87aca247d92"},
    {file = "pygame-2.5.2-cp37-cp37m-macosx_10_9_x86_64.whl", hash = "sha256:9bd738fd4ecc224769d0b4a719f96900a86578e26e0105193658a32966df2aae"},
    {file = "pygame-2.5.2-cp37-cp37m-manylinux_2_17_aarch64.manylinux2014_aarch64.whl", hash = "sha256:30a8d7cf12363b4140bf2f93b5eec4028376ca1d0fe4b550588f836279485308"},
    {file = "pygame-2.5.2-cp37-cp37m-manylinux_2_17_i686.manylinux2014_i686.whl", hash = "sha256:bc12e4dea3e88ea8a553de6d56a37b704dbe2aed95105889f6afeb4b96e62097"},
    {file = "pygame-2.5.2-cp37-cp37m-manylinux_2_17_x86_64.manylinux2014_x86_64.whl", hash = "sha256:2b34c73cb328024f8db3cb6487a37e54000148988275d8d6e5adf99d9323c937"},
    {file = "pygame-2.5.2-cp37-cp37m-win32.whl", hash = "sha256:7d0a2794649defa57ef50b096a99f7113d3d0c2e32d1426cafa7d618eadce4c7"},
    {file = "pygame-2.5.2-cp37-cp37m-win_amd64.whl", hash = "sha256:41f8779f52e0f6e6e6ccb8f0b5536e432bf386ee29c721a1c22cada7767b0cef"},
    {file = "pygame-2.5.2-cp38-cp38-macosx_10_9_x86_64.whl", hash = "sha256:677e37bc0ea7afd89dde5a88ced4458aa8656159c70a576eea68b5622ee1997b"},
    {file = "pygame-2.5.2-cp38-cp38-macosx_11_0_arm64.whl", hash = "sha256:47a8415d2bd60e6909823b5643a1d4ef5cc29417d817f2a214b255f6fa3a1e4c"},
    {file = "pygame-2.5.2-cp38-cp38-manylinux_2_17_aarch64.manylinux2014_aarch64.whl", hash = "sha256:4ff21201df6278b8ca2e948fb148ffe88f5481fd03760f381dd61e45954c7dff"},
    {file = "pygame-2.5.2-cp38-cp38-manylinux_2_17_i686.manylinux2014_i686.whl", hash = "sha256:d29a84b2e02814b9ba925357fd2e1df78efe5e1aa64dc3051eaed95d2b96eafd"},
    {file = "pygame-2.5.2-cp38-cp38-manylinux_2_17_x86_64.manylinux2014_x86_64.whl", hash = "sha256:d78485c4d21133d6b2fbb504cd544ca655e50b6eb551d2995b3aa6035928adda"},
    {file = "pygame-2.5.2-cp38-cp38-win32.whl", hash = "sha256:d851247239548aa357c4a6840fb67adc2d570ce7cb56988d036a723d26b48bff"},
    {file = "pygame-2.5.2-cp38-cp38-win_amd64.whl", hash = "sha256:88d1cdacc2d3471eceab98bf0c93c14d3a8461f93e58e3d926f20d4de3a75554"},
    {file = "pygame-2.5.2-cp39-cp39-macosx_10_9_x86_64.whl", hash = "sha256:4f1559e7efe4efb9dc19d2d811d702f325d9605f9f6f9ececa39ee6890c798f5"},
    {file = "pygame-2.5.2-cp39-cp39-macosx_11_0_arm64.whl", hash = "sha256:cf2191b756ceb0e8458a761d0c665b0c70b538570449e0d39b75a5ba94ac5cf0"},
    {file = "pygame-2.5.2-cp39-cp39-manylinux_2_17_aarch64.manylinux2014_aarch64.whl", hash = "sha256:6cf2257447ce7f2d6de37e5fb019d2bbe32ed05a5721ace8bc78c2d9beaf3aee"},
    {file = "pygame-2.5.2-cp39-cp39-manylinux_2_17_i686.manylinux2014_i686.whl", hash = "sha256:d75cbbfaba2b81434d62631d0b08b85fab16cf4a36e40b80298d3868927e1299"},
    {file = "pygame-2.5.2-cp39-cp39-manylinux_2_17_x86_64.manylinux2014_x86_64.whl", hash = "sha256:daca456d5b9f52e088e06a127dec182b3638a775684fb2260f25d664351cf1ae"},
    {file = "pygame-2.5.2-cp39-cp39-win32.whl", hash = "sha256:3b3e619e33d11c297d7a57a82db40681f9c2c3ae1d5bf06003520b4fe30c435d"},
    {file = "pygame-2.5.2-cp39-cp39-win_amd64.whl", hash = "sha256:1822d534bb7fe756804647b6da2c9ea5d7a62d8796b2e15d172d3be085de28c6"},
    {file = "pygame-2.5.2-pp36-pypy36_pp73-win32.whl", hash = "sha256:e708fc8f709a0fe1d1876489345f2e443d47f3976d33455e2e1e937f972f8677"},
    {file = "pygame-2.5.2-pp37-pypy37_pp73-manylinux_2_17_i686.manylinux2014_i686.whl", hash = "sha256:c13edebc43c240fb0532969e914f0ccefff5ae7e50b0b788d08ad2c15ef793e4"},
    {file = "pygame-2.5.2-pp37-pypy37_pp73-manylinux_2_17_x86_64.manylinux2014_x86_64.whl", hash = "sha256:263b4a7cbfc9fe2055abc21b0251cc17dea6dff750f0e1c598919ff350cdbffe"},
    {file = "pygame-2.5.2-pp38-pypy38_pp73-macosx_10_9_x86_64.whl", hash = "sha256:e58e2b0c791041e4bccafa5bd7650623ba1592b8fe62ae0a276b7d0ecb314b6c"},
    {file = "pygame-2.5.2-pp38-pypy38_pp73-manylinux_2_17_i686.manylinux2014_i686.whl", hash = "sha256:a0bd67426c02ffe6c9827fc4bcbda9442fbc451d29b17c83a3c088c56fef2c90"},
    {file = "pygame-2.5.2-pp38-pypy38_pp73-manylinux_2_17_x86_64.manylinux2014_x86_64.whl", hash = "sha256:9dcff6cbba1584cf7732ce1dbdd044406cd4f6e296d13bcb7fba963fb4aeefc9"},
    {file = "pygame-2.5.2-pp39-pypy39_pp73-macosx_10_9_x86_64.whl", hash = "sha256:ce4b6c0bfe44d00bb0998a6517bd0cf9455f642f30f91bc671ad41c05bf6f6ae"},
    {file = "pygame-2.5.2-pp39-pypy39_pp73-manylinux_2_17_i686.manylinux2014_i686.whl", hash = "sha256:68c4e8e60b725ffc7a6c6ecd9bb5fcc5ed2d6e0e2a2c4a29a8454856ef16ad63"},
    {file = "pygame-2.5.2-pp39-pypy39_pp73-manylinux_2_17_x86_64.manylinux2014_x86_64.whl", hash = "sha256:1f3849f97372a3381c66955f99a0d58485ccd513c3d00c030b869094ce6997a6"},
    {file = "pygame-2.5.2.tar.gz", hash = "sha256:c1b89eb5d539e7ac5cf75513125fb5f2f0a2d918b1fd6e981f23bf0ac1b1c24a"},
]

[package.source]
type = "legacy"
url = "https://pypi.tuna.tsinghua.edu.cn/simple"
reference = "tuna"

[[package]]
name = "typing-extensions"
version = "4.11.0"
description = "Backported and Experimental Type Hints for Python 3.8+"
optional = false
python-versions = ">=3.8"
files = [
    {file = "typing_extensions-4.11.0-py3-none-any.whl", hash = "sha256:c1f94d72897edaf4ce775bb7558d5b79d8126906a14ea5ed1635921406c0387a"},
    {file = "typing_extensions-4.11.0.tar.gz", hash = "sha256:83f085bd5ca59c80295fc2a82ab5dac679cbe02b9f33f7d83af68e241bea51b0"},
]

[package.source]
type = "legacy"
url = "https://pypi.tuna.tsinghua.edu.cn/simple"
reference = "tuna"

[metadata]
lock-version = "2.0"
python-versions = "^3.12"
content-hash = "90fd8059ba08fa8cbde09655e24a98a5f87b373abc3c298b0602c7b8a9914301"
