# This file is automatically @generated by Poetry 1.8.2 and should not be changed by hand.

[[package]]
name = "annotated-types"
version = "0.6.0"
description = "Reusable constraint types to use with typing.Annotated"
optional = false
python-versions = ">=3.8"
files = [
    {file = "annotated_types-0.6.0-py3-none-any.whl", hash = "sha256:0641064de18ba7a25dee8f96403ebc39113d0cb953a01429249d5c7564666a43"},
    {file = "annotated_types-0.6.0.tar.gz", hash = "sha256:563339e807e53ffd9c267e99fc6d9ea23eb8443c08f112651963e24e22f84a5d"},
]

[package.source]
type = "legacy"
url = "https://pypi.tuna.tsinghua.edu.cn/simple"
reference = "tuna"

[[package]]
name = "pydantic"
version = "2.7.0"
description = "Data validation using Python type hints"
optional = false
python-versions = ">=3.8"
files = [
    {file = "pydantic-2.7.0-py3-none-any.whl", hash = "sha256:9dee74a271705f14f9a1567671d144a851c675b072736f0a7b2608fd9e495352"},
    {file = "pydantic-2.7.0.tar.gz", hash = "sha256:b5ecdd42262ca2462e2624793551e80911a1e989f462910bb81aef974b4bb383"},
]

[package.dependencies]
annotated-types = ">=0.4.0"
pydantic-core = "2.18.1"
typing-extensions = ">=4.6.1"

[package.extras]
email = ["email-validator (>=2.0.0)"]

[package.source]
type = "legacy"
url = "https://pypi.tuna.tsinghua.edu.cn/simple"
reference = "tuna"

[[package]]
name = "pydantic-core"
version = "2.18.1"
description = "Core functionality for Pydantic validation and serialization"
optional = false
python-versions = ">=3.8"
files = [
    {file = "pydantic_core-2.18.1-cp310-cp310-macosx_10_12_x86_64.whl", hash = "sha256:ee9cf33e7fe14243f5ca6977658eb7d1042caaa66847daacbd2117adb258b226"},
    {file = "pydantic_core-2.18.1-cp310-cp310-macosx_11_0_arm64.whl", hash = "sha256:6b7bbb97d82659ac8b37450c60ff2e9f97e4eb0f8a8a3645a5568b9334b08b50"},
    {file = "pydantic_core-2.18.1-cp310-cp310-manylinux_2_17_aarch64.manylinux2014_aarch64.whl", hash = "sha256:df4249b579e75094f7e9bb4bd28231acf55e308bf686b952f43100a5a0be394c"},
    {file = "pydantic_core-2.18.1-cp310-cp310-manylinux_2_17_armv7l.manylinux2014_armv7l.whl", hash = "sha256:d0491006a6ad20507aec2be72e7831a42efc93193d2402018007ff827dc62926"},
    {file = "pydantic_core-2.18.1-cp310-cp310-manylinux_2_17_ppc64le.manylinux2014_ppc64le.whl", hash = "sha256:2ae80f72bb7a3e397ab37b53a2b49c62cc5496412e71bc4f1277620a7ce3f52b"},
    {file = "pydantic_core-2.18.1-cp310-cp310-manylinux_2_17_s390x.manylinux2014_s390x.whl", hash = "sha256:58aca931bef83217fca7a390e0486ae327c4af9c3e941adb75f8772f8eeb03a1"},
    {file = "pydantic_core-2.18.1-cp310-cp310-manylinux_2_17_x86_64.manylinux2014_x86_64.whl", hash = "sha256:1be91ad664fc9245404a789d60cba1e91c26b1454ba136d2a1bf0c2ac0c0505a"},
    {file = "pydantic_core-2.18.1-cp310-cp310-manylinux_2_5_i686.manylinux1_i686.whl", hash = "sha256:667880321e916a8920ef49f5d50e7983792cf59f3b6079f3c9dac2b88a311d17"},
    {file = "pydantic_core-2.18.1-cp310-cp310-musllinux_1_1_aarch64.whl", hash = "sha256:f7054fdc556f5421f01e39cbb767d5ec5c1139ea98c3e5b350e02e62201740c7"},
    {file = "pydantic_core-2.18.1-cp310-cp310-musllinux_1_1_x86_64.whl", hash = "sha256:030e4f9516f9947f38179249778709a460a3adb516bf39b5eb9066fcfe43d0e6"},
    {file = "pydantic_core-2.18.1-cp310-none-win32.whl", hash = "sha256:2e91711e36e229978d92642bfc3546333a9127ecebb3f2761372e096395fc649"},
    {file = "pydantic_core-2.18.1-cp310-none-win_amd64.whl", hash = "sha256:9a29726f91c6cb390b3c2338f0df5cd3e216ad7a938762d11c994bb37552edb0"},
    {file = "pydantic_core-2.18.1-cp311-cp311-macosx_10_12_x86_64.whl", hash = "sha256:9ece8a49696669d483d206b4474c367852c44815fca23ac4e48b72b339807f80"},
    {file = "pydantic_core-2.18.1-cp311-cp311-macosx_11_0_arm64.whl", hash = "sha256:7a5d83efc109ceddb99abd2c1316298ced2adb4570410defe766851a804fcd5b"},
    {file = "pydantic_core-2.18.1-cp311-cp311-manylinux_2_17_aarch64.manylinux2014_aarch64.whl", hash = "sha256:5f7973c381283783cd1043a8c8f61ea5ce7a3a58b0369f0ee0ee975eaf2f2a1b"},
    {file = "pydantic_core-2.18.1-cp311-cp311-manylinux_2_17_armv7l.manylinux2014_armv7l.whl", hash = "sha256:54c7375c62190a7845091f521add19b0f026bcf6ae674bdb89f296972272e86d"},
    {file = "pydantic_core-2.18.1-cp311-cp311-manylinux_2_17_ppc64le.manylinux2014_ppc64le.whl", hash = "sha256:dd63cec4e26e790b70544ae5cc48d11b515b09e05fdd5eff12e3195f54b8a586"},
    {file = "pydantic_core-2.18.1-cp311-cp311-manylinux_2_17_s390x.manylinux2014_s390x.whl", hash = "sha256:561cf62c8a3498406495cfc49eee086ed2bb186d08bcc65812b75fda42c38294"},
    {file = "pydantic_core-2.18.1-cp311-cp311-manylinux_2_17_x86_64.manylinux2014_x86_64.whl", hash = "sha256:68717c38a68e37af87c4da20e08f3e27d7e4212e99e96c3d875fbf3f4812abfc"},
    {file = "pydantic_core-2.18.1-cp311-cp311-manylinux_2_5_i686.manylinux1_i686.whl", hash = "sha256:2d5728e93d28a3c63ee513d9ffbac9c5989de8c76e049dbcb5bfe4b923a9739d"},
    {file = "pydantic_core-2.18.1-cp311-cp311-musllinux_1_1_aarch64.whl", hash = "sha256:f0f17814c505f07806e22b28856c59ac80cee7dd0fbb152aed273e116378f519"},
    {file = "pydantic_core-2.18.1-cp311-cp311-musllinux_1_1_x86_64.whl", hash = "sha256:d816f44a51ba5175394bc6c7879ca0bd2be560b2c9e9f3411ef3a4cbe644c2e9"},
    {file = "pydantic_core-2.18.1-cp311-none-win32.whl", hash = "sha256:09f03dfc0ef8c22622eaa8608caa4a1e189cfb83ce847045eca34f690895eccb"},
    {file = "pydantic_core-2.18.1-cp311-none-win_amd64.whl", hash = "sha256:27f1009dc292f3b7ca77feb3571c537276b9aad5dd4efb471ac88a8bd09024e9"},
    {file = "pydantic_core-2.18.1-cp311-none-win_arm64.whl", hash = "sha256:48dd883db92e92519201f2b01cafa881e5f7125666141a49ffba8b9facc072b0"},
    {file = "pydantic_core-2.18.1-cp312-cp312-macosx_10_12_x86_64.whl", hash = "sha256:b6b0e4912030c6f28bcb72b9ebe4989d6dc2eebcd2a9cdc35fefc38052dd4fe8"},
    {file = "pydantic_core-2.18.1-cp312-cp312-macosx_11_0_arm64.whl", hash = "sha256:f3202a429fe825b699c57892d4371c74cc3456d8d71b7f35d6028c96dfecad31"},
    {file = "pydantic_core-2.18.1-cp312-cp312-manylinux_2_17_aarch64.manylinux2014_aarch64.whl", hash = "sha256:a3982b0a32d0a88b3907e4b0dc36809fda477f0757c59a505d4e9b455f384b8b"},
    {file = "pydantic_core-2.18.1-cp312-cp312-manylinux_2_17_armv7l.manylinux2014_armv7l.whl", hash = "sha256:25595ac311f20e5324d1941909b0d12933f1fd2171075fcff763e90f43e92a0d"},
    {file = "pydantic_core-2.18.1-cp312-cp312-manylinux_2_17_ppc64le.manylinux2014_ppc64le.whl", hash = "sha256:14fe73881cf8e4cbdaded8ca0aa671635b597e42447fec7060d0868b52d074e6"},
    {file = "pydantic_core-2.18.1-cp312-cp312-manylinux_2_17_s390x.manylinux2014_s390x.whl", hash = "sha256:ca976884ce34070799e4dfc6fbd68cb1d181db1eefe4a3a94798ddfb34b8867f"},
    {file = "pydantic_core-2.18.1-cp312-cp312-manylinux_2_17_x86_64.manylinux2014_x86_64.whl", hash = "sha256:684d840d2c9ec5de9cb397fcb3f36d5ebb6fa0d94734f9886032dd796c1ead06"},
    {file = "pydantic_core-2.18.1-cp312-cp312-manylinux_2_5_i686.manylinux1_i686.whl", hash = "sha256:54764c083bbe0264f0f746cefcded6cb08fbbaaf1ad1d78fb8a4c30cff999a90"},
    {file = "pydantic_core-2.18.1-cp312-cp312-musllinux_1_1_aarch64.whl", hash = "sha256:201713f2f462e5c015b343e86e68bd8a530a4f76609b33d8f0ec65d2b921712a"},
    {file = "pydantic_core-2.18.1-cp312-cp312-musllinux_1_1_x86_64.whl", hash = "sha256:fd1a9edb9dd9d79fbeac1ea1f9a8dd527a6113b18d2e9bcc0d541d308dae639b"},
    {file = "pydantic_core-2.18.1-cp312-none-win32.whl", hash = "sha256:d5e6b7155b8197b329dc787356cfd2684c9d6a6b1a197f6bbf45f5555a98d411"},
    {file = "pydantic_core-2.18.1-cp312-none-win_amd64.whl", hash = "sha256:9376d83d686ec62e8b19c0ac3bf8d28d8a5981d0df290196fb6ef24d8a26f0d6"},
    {file = "pydantic_core-2.18.1-cp312-none-win_arm64.whl", hash = "sha256:c562b49c96906b4029b5685075fe1ebd3b5cc2601dfa0b9e16c2c09d6cbce048"},
    {file = "pydantic_core-2.18.1-cp38-cp38-macosx_10_12_x86_64.whl", hash = "sha256:3e352f0191d99fe617371096845070dee295444979efb8f27ad941227de6ad09"},
    {file = "pydantic_core-2.18.1-cp38-cp38-macosx_11_0_arm64.whl", hash = "sha256:c0295d52b012cbe0d3059b1dba99159c3be55e632aae1999ab74ae2bd86a33d7"},
    {file = "pydantic_core-2.18.1-cp38-cp38-manylinux_2_17_aarch64.manylinux2014_aarch64.whl", hash = "sha256:56823a92075780582d1ffd4489a2e61d56fd3ebb4b40b713d63f96dd92d28144"},
    {file = "pydantic_core-2.18.1-cp38-cp38-manylinux_2_17_armv7l.manylinux2014_armv7l.whl", hash = "sha256:dd3f79e17b56741b5177bcc36307750d50ea0698df6aa82f69c7db32d968c1c2"},
    {file = "pydantic_core-2.18.1-cp38-cp38-manylinux_2_17_ppc64le.manylinux2014_ppc64le.whl", hash = "sha256:38a5024de321d672a132b1834a66eeb7931959c59964b777e8f32dbe9523f6b1"},
    {file = "pydantic_core-2.18.1-cp38-cp38-manylinux_2_17_s390x.manylinux2014_s390x.whl", hash = "sha256:d2ce426ee691319d4767748c8e0895cfc56593d725594e415f274059bcf3cb76"},
    {file = "pydantic_core-2.18.1-cp38-cp38-manylinux_2_17_x86_64.manylinux2014_x86_64.whl", hash = "sha256:2adaeea59849ec0939af5c5d476935f2bab4b7f0335b0110f0f069a41024278e"},
    {file = "pydantic_core-2.18.1-cp38-cp38-manylinux_2_5_i686.manylinux1_i686.whl", hash = "sha256:9b6431559676a1079eac0f52d6d0721fb8e3c5ba43c37bc537c8c83724031feb"},
    {file = "pydantic_core-2.18.1-cp38-cp38-musllinux_1_1_aarch64.whl", hash = "sha256:85233abb44bc18d16e72dc05bf13848a36f363f83757541f1a97db2f8d58cfd9"},
    {file = "pydantic_core-2.18.1-cp38-cp38-musllinux_1_1_x86_64.whl", hash = "sha256:641a018af4fe48be57a2b3d7a1f0f5dbca07c1d00951d3d7463f0ac9dac66622"},
    {file = "pydantic_core-2.18.1-cp38-none-win32.whl", hash = "sha256:63d7523cd95d2fde0d28dc42968ac731b5bb1e516cc56b93a50ab293f4daeaad"},
    {file = "pydantic_core-2.18.1-cp38-none-win_amd64.whl", hash = "sha256:907a4d7720abfcb1c81619863efd47c8a85d26a257a2dbebdb87c3b847df0278"},
    {file = "pydantic_core-2.18.1-cp39-cp39-macosx_10_12_x86_64.whl", hash = "sha256:aad17e462f42ddbef5984d70c40bfc4146c322a2da79715932cd8976317054de"},
    {file = "pydantic_core-2.18.1-cp39-cp39-macosx_11_0_arm64.whl", hash = "sha256:94b9769ba435b598b547c762184bcfc4783d0d4c7771b04a3b45775c3589ca44"},
    {file = "pydantic_core-2.18.1-cp39-cp39-manylinux_2_17_aarch64.manylinux2014_aarch64.whl", hash = "sha256:80e0e57cc704a52fb1b48f16d5b2c8818da087dbee6f98d9bf19546930dc64b5"},
    {file = "pydantic_core-2.18.1-cp39-cp39-manylinux_2_17_armv7l.manylinux2014_armv7l.whl", hash = "sha256:76b86e24039c35280ceee6dce7e62945eb93a5175d43689ba98360ab31eebc4a"},
    {file = "pydantic_core-2.18.1-cp39-cp39-manylinux_2_17_ppc64le.manylinux2014_ppc64le.whl", hash = "sha256:12a05db5013ec0ca4a32cc6433f53faa2a014ec364031408540ba858c2172bb0"},
    {file = "pydantic_core-2.18.1-cp39-cp39-manylinux_2_17_s390x.manylinux2014_s390x.whl", hash = "sha256:250ae39445cb5475e483a36b1061af1bc233de3e9ad0f4f76a71b66231b07f88"},
    {file = "pydantic_core-2.18.1-cp39-cp39-manylinux_2_17_x86_64.manylinux2014_x86_64.whl", hash = "sha256:a32204489259786a923e02990249c65b0f17235073149d0033efcebe80095570"},
    {file = "pydantic_core-2.18.1-cp39-cp39-manylinux_2_5_i686.manylinux1_i686.whl", hash = "sha256:6395a4435fa26519fd96fdccb77e9d00ddae9dd6c742309bd0b5610609ad7fb2"},
    {file = "pydantic_core-2.18.1-cp39-cp39-musllinux_1_1_aarch64.whl", hash = "sha256:2533ad2883f001efa72f3d0e733fb846710c3af6dcdd544fe5bf14fa5fe2d7db"},
    {file = "pydantic_core-2.18.1-cp39-cp39-musllinux_1_1_x86_64.whl", hash = "sha256:b560b72ed4816aee52783c66854d96157fd8175631f01ef58e894cc57c84f0f6"},
    {file = "pydantic_core-2.18.1-cp39-none-win32.whl", hash = "sha256:582cf2cead97c9e382a7f4d3b744cf0ef1a6e815e44d3aa81af3ad98762f5a9b"},
    {file = "pydantic_core-2.18.1-cp39-none-win_amd64.whl", hash = "sha256:ca71d501629d1fa50ea7fa3b08ba884fe10cefc559f5c6c8dfe9036c16e8ae89"},
    {file = "pydantic_core-2.18.1-pp310-pypy310_pp73-macosx_10_12_x86_64.whl", hash = "sha256:e178e5b66a06ec5bf51668ec0d4ac8cfb2bdcb553b2c207d58148340efd00143"},
    {file = "pydantic_core-2.18.1-pp310-pypy310_pp73-macosx_11_0_arm64.whl", hash = "sha256:72722ce529a76a4637a60be18bd789d8fb871e84472490ed7ddff62d5fed620d"},
    {file = "pydantic_core-2.18.1-pp310-pypy310_pp73-manylinux_2_17_aarch64.manylinux2014_aarch64.whl", hash = "sha256:2fe0c1ce5b129455e43f941f7a46f61f3d3861e571f2905d55cdbb8b5c6f5e2c"},
    {file = "pydantic_core-2.18.1-pp310-pypy310_pp73-manylinux_2_17_x86_64.manylinux2014_x86_64.whl", hash = "sha256:d4284c621f06a72ce2cb55f74ea3150113d926a6eb78ab38340c08f770eb9b4d"},
    {file = "pydantic_core-2.18.1-pp310-pypy310_pp73-manylinux_2_5_i686.manylinux1_i686.whl", hash = "sha256:1a0c3e718f4e064efde68092d9d974e39572c14e56726ecfaeebbe6544521f47"},
    {file = "pydantic_core-2.18.1-pp310-pypy310_pp73-musllinux_1_1_aarch64.whl", hash = "sha256:2027493cc44c23b598cfaf200936110433d9caa84e2c6cf487a83999638a96ac"},
    {file = "pydantic_core-2.18.1-pp310-pypy310_pp73-musllinux_1_1_x86_64.whl", hash = "sha256:76909849d1a6bffa5a07742294f3fa1d357dc917cb1fe7b470afbc3a7579d539"},
    {file = "pydantic_core-2.18.1-pp310-pypy310_pp73-win_amd64.whl", hash = "sha256:ee7ccc7fb7e921d767f853b47814c3048c7de536663e82fbc37f5eb0d532224b"},
    {file = "pydantic_core-2.18.1-pp39-pypy39_pp73-macosx_10_12_x86_64.whl", hash = "sha256:ee2794111c188548a4547eccc73a6a8527fe2af6cf25e1a4ebda2fd01cdd2e60"},
    {file = "pydantic_core-2.18.1-pp39-pypy39_pp73-macosx_11_0_arm64.whl", hash = "sha256:a139fe9f298dc097349fb4f28c8b81cc7a202dbfba66af0e14be5cfca4ef7ce5"},
    {file = "pydantic_core-2.18.1-pp39-pypy39_pp73-manylinux_2_17_aarch64.manylinux2014_aarch64.whl", hash = "sha256:d074b07a10c391fc5bbdcb37b2f16f20fcd9e51e10d01652ab298c0d07908ee2"},
    {file = "pydantic_core-2.18.1-pp39-pypy39_pp73-manylinux_2_17_x86_64.manylinux2014_x86_64.whl", hash = "sha256:c69567ddbac186e8c0aadc1f324a60a564cfe25e43ef2ce81bcc4b8c3abffbae"},
    {file = "pydantic_core-2.18.1-pp39-pypy39_pp73-manylinux_2_5_i686.manylinux1_i686.whl", hash = "sha256:baf1c7b78cddb5af00971ad5294a4583188bda1495b13760d9f03c9483bb6203"},
    {file = "pydantic_core-2.18.1-pp39-pypy39_pp73-musllinux_1_1_aarch64.whl", hash = "sha256:2684a94fdfd1b146ff10689c6e4e815f6a01141781c493b97342cdc5b06f4d5d"},
    {file = "pydantic_core-2.18.1-pp39-pypy39_pp73-musllinux_1_1_x86_64.whl", hash = "sha256:73c1bc8a86a5c9e8721a088df234265317692d0b5cd9e86e975ce3bc3db62a59"},
    {file = "pydantic_core-2.18.1-pp39-pypy39_pp73-win_amd64.whl", hash = "sha256:e60defc3c15defb70bb38dd605ff7e0fae5f6c9c7cbfe0ad7868582cb7e844a6"},
    {file = "pydantic_core-2.18.1.tar.gz", hash = "sha256:de9d3e8717560eb05e28739d1b35e4eac2e458553a52a301e51352a7ffc86a35"},
]

[package.dependencies]
typing-extensions = ">=4.6.0,<4.7.0 || >4.7.0"

[package.source]
type = "legacy"
url = "https://pypi.tuna.tsinghua.edu.cn/simple"
reference = "tuna"

[[package]]
name = "pygame"
version = "2.5.2"
description = "Python Game Development"
optional = false
python-versions = ">=3.6"
files = [
    {file = "pygame-2.5.2-cp310-cp310-macosx_10_9_x86_64.whl", hash = "sha256:a0769eb628c818761755eb0a0ca8216b95270ea8cbcbc82227e39ac9644643da"},
    {file = "pygame-2.5.2-cp310-cp310-macosx_11_0_arm64.whl", hash = "sha256:ed9a3d98adafa0805ccbaaff5d2996a2b5795381285d8437a4a5d248dbd12b4a"},
    {file = "pygame-2.5.2-cp310-cp310-manylinux_2_17_aarch64.manylinux2014_aarch64.whl", hash = "sha256:f30d1618672a55e8c6669281ba264464b3ab563158e40d89e8c8b3faa0febebd"},
    {file = "pygame-2.5.2-cp310-cp310-manylinux_2_17_i686.manylinux2014_i686.whl", hash = "sha256:39690e9be9baf58b7359d1f3b2336e1fd6f92fedbbce42987be5df27f8d30718"},
    {file = "pygame-2.5.2-cp310-cp310-manylinux_2_17_x86_64.manylinux2014_x86_64.whl", hash = "sha256:03879ec299c9f4ba23901b2649a96b2143f0a5d787f0b6c39469989e2320caf1"},
    {file = "pygame-2.5.2-cp310-cp310-win32.whl", hash = "sha256:74e1d6284100e294f445832e6f6343be4fe4748decc4f8a51131ae197dae8584"},
    {file = "pygame-2.5.2-cp310-cp310-win_amd64.whl", hash = "sha256:485239c7d32265fd35b76ae8f64f34b0637ae11e69d76de15710c4b9edcc7c8d"},
    {file = "pygame-2.5.2-cp311-cp311-macosx_10_9_x86_64.whl", hash = "sha256:34646ca20e163dc6f6cf8170f1e12a2e41726780112594ac061fa448cf7ccd75"},
    {file = "pygame-2.5.2-cp311-cp311-macosx_11_0_arm64.whl", hash = "sha256:3b8a6e351665ed26ea791f0e1fd649d3f483e8681892caef9d471f488f9ea5ee"},
    {file = "pygame-2.5.2-cp311-cp311-manylinux_2_17_aarch64.manylinux2014_aarch64.whl", hash = "sha256:dc346965847aef00013fa2364f41a64f068cd096dcc7778fc306ca3735f0eedf"},
    {file = "pygame-2.5.2-cp311-cp311-manylinux_2_17_i686.manylinux2014_i686.whl", hash = "sha256:35632035fd81261f2d797fa810ea8c46111bd78ceb6089d52b61ed7dc3c5d05f"},
    {file = "pygame-2.5.2-cp311-cp311-manylinux_2_17_x86_64.manylinux2014_x86_64.whl", hash = "sha256:0e24d05184e4195fe5ebcdce8b18ecb086f00182b9ae460a86682d312ce8d31f"},
    {file = "pygame-2.5.2-cp311-cp311-win32.whl", hash = "sha256:f02c1c7505af18d426d355ac9872bd5c916b27f7b0fe224749930662bea47a50"},
    {file = "pygame-2.5.2-cp311-cp311-win_amd64.whl", hash = "sha256:6d58c8cf937815d3b7cdc0fa9590c5129cb2c9658b72d00e8a4568dea2ff1d42"},
    {file = "pygame-2.5.2-cp312-cp312-macosx_10_9_x86_64.whl", hash = "sha256:1a2a43802bb5e89ce2b3b775744e78db4f9a201bf8d059b946c61722840ceea8"},
    {file = "pygame-2.5.2-cp312-cp312-macosx_11_0_arm64.whl", hash = "sha256:1c289f2613c44fe70a1e40769de4a49c5ab5a29b9376f1692bb1a15c9c1c9bfa"},
    {file = "pygame-2.5.2-cp312-cp312-manylinux_2_17_aarch64.manylinux2014_aarch64.whl", hash = "sha256:074aa6c6e110c925f7f27f00c7733c6303407edc61d738882985091d1eb2ef17"},
    {file = "pygame-2.5.2-cp312-cp312-manylinux_2_17_i686.manylinux2014_i686.whl", hash = "sha256:fe0228501ec616779a0b9c4299e837877783e18df294dd690b9ab0eed3d8aaab"},
    {file = "pygame-2.5.2-cp312-cp312-manylinux_2_17_x86_64.manylinux2014_x86_64.whl", hash = "sha256:31648d38ecdc2335ffc0e38fb18a84b3339730521505dac68514f83a1092e3f4"},
    {file = "pygame-2.5.2-cp312-cp312-win32.whl", hash = "sha256:224c308856334bc792f696e9278e50d099a87c116f7fc314cd6aa3ff99d21592"},
    {file = "pygame-2.5.2-cp312-cp312-win_amd64.whl", hash = "sha256:dd2d2650faf54f9a0f5bd0db8409f79609319725f8f08af6507a0609deadcad4"},
    {file = "pygame-2.5.2-cp36-cp36m-macosx_10_9_x86_64.whl", hash = "sha256:9b30bc1220c457169571aac998e54b013aaeb732d2fd8744966cb1cfab1f61d1"},
    {file = "pygame-2.5.2-cp36-cp36m-manylinux_2_17_aarch64.manylinux2014_aarch64.whl", hash = "sha256:78fcd7643358b886a44127ff7dec9041c056c212b3a98977674f83f99e9b12d3"},
    {file = "pygame-2.5.2-cp36-cp36m-manylinux_2_17_i686.manylinux2014_i686.whl", hash = "sha256:35cf093a51cb294ede56c29d4acf41538c00f297fcf78a9b186fb7d23c0577b6"},
    {file = "pygame-2.5.2-cp36-cp36m-manylinux_2_17_x86_64.manylinux2014_x86_64.whl", hash = "sha256:6fe323acbf53a0195c8c98b1b941eba7ac24e3e2b28ae48e8cda566f15fc4945"},
    {file = "pygame-2.5.2-cp36-cp36m-win32.whl", hash = "sha256:5697528266b4716d9cdd44a5a1d210f4d86ef801d0f64ca5da5d0816704009d9"},
    {file = "pygame-2.5.2-cp36-cp36m-win_amd64.whl", hash = "sha256:edda1f7cff4806a4fa39e0e8ccd75f38d1d340fa5fc52d8582ade87aca247d92"},
    {file = "pygame-2.5.2-cp37-cp37m-macosx_10_9_x86_64.whl", hash = "sha256:9bd738fd4ecc224769d0b4a719f96900a86578e26e0105193658a32966df2aae"},
    {file = "pygame-2.5.2-cp37-cp37m-manylinux_2_17_aarch64.manylinux2014_aarch64.whl", hash = "sha256:30a8d7cf12363b4140bf2f93b5eec4028376ca1d0fe4b550588f836279485308"},
    {file = "pygame-2.5.2-cp37-cp37m-manylinux_2_17_i686.manylinux2014_i686.whl", hash = "sha256:bc12e4dea3e88ea8a553de6d56a37b704dbe2aed95105889f6afeb4b96e62097"},
    {file = "pygame-2.5.2-cp37-cp37m-manylinux_2_17_x86_64.manylinux2014_x86_64.whl", hash = "sha256:2b34c73cb328024f8db3cb6487a37e54000148988275d8d6e5adf99d9323c937"},
    {file = "pygame-2.5.2-cp37-cp37m-win32.whl", hash = "sha256:7d0a2794649defa57ef50b096a99f7113d3d0c2e32d1426cafa7d618eadce4c7"},
    {file = "pygame-2.5.2-cp37-cp37m-win_amd64.whl", hash = "sha256:41f8779f52e0f6e6e6ccb8f0b5536e432bf386ee29c721a1c22cada7767b0cef"},
    {file = "pygame-2.5.2-cp38-cp38-macosx_10_9_x86_64.whl", hash = "sha256:677e37bc0ea7afd89dde5a88ced4458aa8656159c70a576eea68b5622ee1997b"},
    {file = "pygame-2.5.2-cp38-cp38-macosx_11_0_arm64.whl", hash = "sha256:47a8415d2bd60e6909823b5643a1d4ef5cc29417d817f2a214b255f6fa3a1e4c"},
    {file = "pygame-2.5.2-cp38-cp38-manylinux_2_17_aarch64.manylinux2014_aarch64.whl", hash = "sha256:4ff21201df6278b8ca2e948fb148ffe88f5481fd03760f381dd61e45954c7dff"},
    {file = "pygame-2.5.2-cp38-cp38-manylinux_2_17_i686.manylinux2014_i686.whl", hash = "sha256:d29a84b2e02814b9ba925357fd2e1df78efe5e1aa64dc3051eaed95d2b96eafd"},
    {file = "pygame-2.5.2-cp38-cp38-manylinux_2_17_x86_64.manylinux2014_x86_64.whl", hash = "sha256:d78485c4d21133d6b2fbb504cd544ca655e50b6eb551d2995b3aa6035928adda"},
    {file = "pygame-2.5.2-cp38-cp38-win32.whl", hash = "sha256:d851247239548aa357c4a6840fb67adc2d570ce7cb56988d036a723d26b48bff"},
    {file = "pygame-2.5.2-cp38-cp38-win_amd64.whl", hash = "sha256:88d1cdacc2d3471eceab98bf0c93c14d3a8461f93e58e3d926f20d4de3a75554"},
    {file = "pygame-2.5.2-cp39-cp39-macosx_10_9_x86_64.whl", hash = "sha256:4f1559e7efe4efb9dc19d2d811d702f325d9605f9f6f9ececa39ee6890c798f5"},
    {file = "pygame-2.5.2-cp39-cp39-macosx_11_0_arm64.whl", hash = "sha256:cf2191b756ceb0e8458a761d0c665b0c70b538570449e0d39b75a5ba94ac5cf0"},
    {file = "pygame-2.5.2-cp39-cp39-manylinux_2_17_aarch64.manylinux2014_aarch64.whl", hash = "sha256:6cf2257447ce7f2d6de37e5fb019d2bbe32ed05a5721ace8bc78c2d9beaf3aee"},
    {file = "pygame-2.5.2-cp39-cp39-manylinux_2_17_i686.manylinux2014_i686.whl", hash = "sha256:d75cbbfaba2b81434d62631d0b08b85fab16cf4a36e40b80298d3868927e1299"},
    {file = "pygame-2.5.2-cp39-cp39-manylinux_2_17_x86_64.manylinux2014_x86_64.whl", hash = "sha256:daca456d5b9f52e088e06a127dec182b3638a775684fb2260f25d664351cf1ae"},
    {file = "pygame-2.5.2-cp39-cp39-win32.whl", hash = "sha256:3b3e619e33d11c297d7a57a82db40681f9c2c3ae1d5bf06003520b4fe30c435d"},
    {file = "pygame-2.5.2-cp39-cp39-win_amd64.whl", hash = "sha256:1822d534bb7fe756804647b6da2c9ea5d7a62d8796b2e15d172d3be085de28c6"},
    {file = "pygame-2.5.2-pp36-pypy36_pp73-win32.whl", hash = "sha256:e708fc8f709a0fe1d1876489345f2e443d47f3976d33455e2e1e937f972f8677"},
    {file = "pygame-2.5.2-pp37-pypy37_pp73-manylinux_2_17_i686.manylinux2014_i686.whl", hash = "sha256:c13edebc43c240fb0532969e914f0ccefff5ae7e50b0b788d08ad2c15ef793e4"},
    {file = "pygame-2.5.2-pp37-pypy37_pp73-manylinux_2_17_x86_64.manylinux2014_x86_64.whl", hash = "sha256:263b4a7cbfc9fe2055abc21b0251cc17dea6dff750f0e1c598919ff350cdbffe"},
    {file = "pygame-2.5.2-pp38-pypy38_pp73-macosx_10_9_x86_64.whl", hash = "sha256:e58e2b0c791041e4bccafa5bd7650623ba1592b8fe62ae0a276b7d0ecb314b6c"},
    {file = "pygame-2.5.2-pp38-pypy38_pp73-manylinux_2_17_i686.manylinux2014_i686.whl", hash = "sha256:a0bd67426c02ffe6c9827fc4bcbda9442fbc451d29b17c83a3c088c56fef2c90"},
    {file = "pygame-2.5.2-pp38-pypy38_pp73-manylinux_2_17_x86_64.manylinux2014_x86_64.whl", hash = "sha256:9dcff6cbba1584cf7732ce1dbdd044406cd4f6e296d13bcb7fba963fb4aeefc9"},
    {file = "pygame-2.5.2-pp39-pypy39_pp73-macosx_10_9_x86_64.whl", hash = "sha256:ce4b6c0bfe44d00bb0998a6517bd0cf9455f642f30f91bc671ad41c05bf6f6ae"},
    {file = "pygame-2.5.2-pp39-pypy39_pp73-manylinux_2_17_i686.manylinux2014_i686.whl", hash = "sha256:68c4e8e60b725ffc7a6c6ecd9bb5fcc5ed2d6e0e2a2c4a29a8454856ef16ad63"},
    {file = "pygame-2.5.2-pp39-pypy39_pp73-manylinux_2_17_x86_64.manylinux2014_x86_64.whl", hash = "sha256:1f3849f97372a3381c66955f99a0d58485ccd513c3d00c030b869094ce6997a6"},
    {file = "pygame-2.5.2.tar.gz", hash = "sha256:c1b89eb5d539e7ac5cf75513125fb5f2f0a2d918b1fd6e981f23bf0ac1b1c24a"},
]

[package.source]
type = "legacy"
url = "https://pypi.tuna.tsinghua.edu.cn/simple"
reference = "tuna"

[[package]]
name = "typing-extensions"
version = "4.11.0"
description = "Backported and Experimental Type Hints for Python 3.8+"
optional = false
python-versions = ">=3.8"
files = [
    {file = "typing_extensions-4.11.0-py3-none-any.whl", hash = "sha256:c1f94d72897edaf4ce775bb7558d5b79d8126906a14ea5ed1635921406c0387a"},
    {file = "typing_extensions-4.11.0.tar.gz", hash = "sha256:83f085bd5ca59c80295fc2a82ab5dac679cbe02b9f33f7d83af68e241bea51b0"},
]

[package.source]
type = "legacy"
url = "https://pypi.tuna.tsinghua.edu.cn/simple"
reference = "tuna"

[metadata]
lock-version = "2.0"
python-versions = "^3.12"
content-hash = "849c407944cbe405434fab5a00ce4b169aa4c7919acecd4d0e827aee1316a402"
